
Microsoft Visual Studio Solution File, Format Version 12.00
# Visual Studio Version 16
VisualStudioVersion = 16.0.30711.63
MinimumVisualStudioVersion = 10.0.40219.1
Project("{FAE04EC0-301F-11D3-BF4B-00C04F79EFBC}") = "sortingAnimation", "sortingAnimation\sortingAnimation.csproj", "{49AB4086-771D-468F-A18E-BA67A081752C}"
EndProject
Global
	GlobalSection(SolutionConfigurationPlatforms) = preSolution
		Debug|Any CPU = Debug|Any CPU
		Release|Any CPU = Release|Any CPU
	EndGlobalSection
	GlobalSection(ProjectConfigurationPlatforms) = postSolution
		{49AB4086-771D-468F-A18E-BA67A081752C}.Debug|Any CPU.ActiveCfg = Debug|Any CPU
		{49AB4086-771D-468F-A18E-BA67A081752C}.Debug|Any CPU.Build.0 = Debug|Any CPU
		{49AB4086-771D-468F-A18E-BA67A081752C}.Release|Any CPU.ActiveCfg = Release|Any CPU
		{49AB4086-771D-468F-A18E-BA67A081752C}.Release|Any CPU.Build.0 = Release|Any CPU
	EndGlobalSection
	GlobalSection(SolutionProperties) = preSolution
		HideSolutionNode = FALSE
	EndGlobalSection
	GlobalSection(ExtensibilityGlobals) = postSolution
		SolutionGuid = {1969F7C8-0A03-4824-8E14-FAF1CCDAB155}
	EndGlobalSection
EndGlobal
